<Solution>
  <Project Path="src/Storefront.Api/Storefront.Api.csproj" />
  <Project Path="src/Storefront.Application/Storefront.Application.csproj" />
  <Project Path="src/Storefront.Domain/Storefront.Domain.csproj" />
  <Project Path="src/Storefront.Infrastructure/Storefront.Infrastructure.csproj" />
  <Project Path="tests/Storefront.Application.Tests/Storefront.Application.Tests.csproj" />
  <Project Path="tests/Storefront.Api.IntegrationTests/Storefront.Api.IntegrationTests.csproj" />
</Solution>
